
Microsoft Visual Studio Solution File, Format Version 12.00
# Visual Studio Version 17
VisualStudioVersion = 17.5.33627.172
MinimumVisualStudioVersion = 10.0.40219.1
Project("{9A19103F-16F7-4668-BE54-9A1E7A4F7556}") = "WebApplication1", "WebApplication1\WebApplication1.csproj", "{52C44B9C-E56C-4F57-8359-261462063AA3}"
EndProject
Project("{FAE04EC0-301F-11D3-BF4B-00C04F79EFBC}") = "SuperLibrary", "SuperLibrary\SuperLibrary.csproj", "{D610AFBB-BD3F-4075-9D7D-36DE19499F9F}"
EndProject
Global
	GlobalSection(SolutionConfigurationPlatforms) = preSolution
		Debug|Any CPU = Debug|Any CPU
		Release|Any CPU = Release|Any CPU
	EndGlobalSection
	GlobalSection(ProjectConfigurationPlatforms) = postSolution
		{52C44B9C-E56C-4F57-8359-261462063AA3}.Debug|Any CPU.ActiveCfg = Debug|Any CPU
		{52C44B9C-E56C-4F57-8359-261462063AA3}.Debug|Any CPU.Build.0 = Debug|Any CPU
		{52C44B9C-E56C-4F57-8359-261462063AA3}.Release|Any CPU.ActiveCfg = Release|Any CPU
		{52C44B9C-E56C-4F57-8359-261462063AA3}.Release|Any CPU.Build.0 = Release|Any CPU
		{D610AFBB-BD3F-4075-9D7D-36DE19499F9F}.Debug|Any CPU.ActiveCfg = Debug|Any CPU
		{D610AFBB-BD3F-4075-9D7D-36DE19499F9F}.Debug|Any CPU.Build.0 = Debug|Any CPU
		{D610AFBB-BD3F-4075-9D7D-36DE19499F9F}.Release|Any CPU.ActiveCfg = Release|Any CPU
		{D610AFBB-BD3F-4075-9D7D-36DE19499F9F}.Release|Any CPU.Build.0 = Release|Any CPU
	EndGlobalSection
	GlobalSection(SolutionProperties) = preSolution
		HideSolutionNode = FALSE
	EndGlobalSection
	GlobalSection(ExtensibilityGlobals) = postSolution
		SolutionGuid = {FA551341-69C6-4078-86AC-0C5E94FCE3D8}
	EndGlobalSection
EndGlobal
